
Microsoft Visual Studio Solution File, Format Version 12.00
# Visual Studio 15
VisualStudioVersion = 15.0.27004.2002
MinimumVisualStudioVersion = 10.0.40219.1
Project("{9A19103F-16F7-4668-BE54-9A1E7A4F7556}") = ".build", ".build\.build.csproj", "{1A48EA0D-7503-440C-A4DE-16EC3C25B54E}"
EndProject
Project("{9A19103F-16F7-4668-BE54-9A1E7A4F7556}") = "Nuke.NSwag", "src\Nuke.NSwag\Nuke.NSwag.csproj", "{30EC604D-8723-4800-9527-92D8FDD60AD5}"
EndProject
Project("{2150E333-8FDC-42A3-9474-1A3956D46DE8}") = "misc", "misc", "{5BE76539-1042-403D-8082-DB2B709F5CE3}"
	ProjectSection(SolutionItems) = preProject
		.gitattributes = .gitattributes
		.gitignore = .gitignore
		CHANGELOG.md = CHANGELOG.md
		GitVersion.yml = GitVersion.yml
		Jenkinsfile = Jenkinsfile
		LICENSE = LICENSE
		nule-nswag.DotSettings = nule-nswag.DotSettings
		README.md = README.md
	EndProjectSection
EndProject
Project("{9A19103F-16F7-4668-BE54-9A1E7A4F7556}") = "Nuke.NSwag.Generator", "src\Nuke.NSwag.Generator\Nuke.NSwag.Generator.csproj", "{ADE3316F-31EA-4C5F-8C8B-02665CFE9722}"
EndProject
Global
	GlobalSection(SolutionConfigurationPlatforms) = preSolution
		Debug|Any CPU = Debug|Any CPU
		Release|Any CPU = Release|Any CPU
	EndGlobalSection
	GlobalSection(ProjectConfigurationPlatforms) = postSolution
		{1A48EA0D-7503-440C-A4DE-16EC3C25B54E}.Debug|Any CPU.ActiveCfg = Debug|Any CPU
		{1A48EA0D-7503-440C-A4DE-16EC3C25B54E}.Release|Any CPU.ActiveCfg = Release|Any CPU
		{30EC604D-8723-4800-9527-92D8FDD60AD5}.Debug|Any CPU.ActiveCfg = Debug|Any CPU
		{30EC604D-8723-4800-9527-92D8FDD60AD5}.Debug|Any CPU.Build.0 = Debug|Any CPU
		{30EC604D-8723-4800-9527-92D8FDD60AD5}.Release|Any CPU.ActiveCfg = Release|Any CPU
		{30EC604D-8723-4800-9527-92D8FDD60AD5}.Release|Any CPU.Build.0 = Release|Any CPU
		{ADE3316F-31EA-4C5F-8C8B-02665CFE9722}.Debug|Any CPU.ActiveCfg = Debug|Any CPU
		{ADE3316F-31EA-4C5F-8C8B-02665CFE9722}.Debug|Any CPU.Build.0 = Debug|Any CPU
		{ADE3316F-31EA-4C5F-8C8B-02665CFE9722}.Release|Any CPU.ActiveCfg = Release|Any CPU
		{ADE3316F-31EA-4C5F-8C8B-02665CFE9722}.Release|Any CPU.Build.0 = Release|Any CPU
	EndGlobalSection
	GlobalSection(SolutionProperties) = preSolution
		HideSolutionNode = FALSE
	EndGlobalSection
	GlobalSection(ExtensibilityGlobals) = postSolution
		SolutionGuid = {B427B4CA-28AD-4DFB-83EF-10EA0710BB9E}
	EndGlobalSection
EndGlobal
